
Microsoft Visual Studio Solution File, Format Version 12.00
# Visual Studio 15
Project("{FAE04EC0-301F-11D3-BF4B-00C04F79EFBC}") = "ForLoop7", "ForLoop7\ForLoop7.csproj", "{B4609592-F3C5-49CC-A2CE-C22F8160F882}"
EndProject
Global
	GlobalSection(SolutionConfigurationPlatforms) = preSolution
		Debug|x86 = Debug|x86
		Release|x86 = Release|x86
	EndGlobalSection
	GlobalSection(ProjectConfigurationPlatforms) = postSolution
		{B4609592-F3C5-49CC-A2CE-C22F8160F882}.Debug|x86.ActiveCfg = Debug|x86
		{B4609592-F3C5-49CC-A2CE-C22F8160F882}.Debug|x86.Build.0 = Debug|x86
		{B4609592-F3C5-49CC-A2CE-C22F8160F882}.Release|x86.ActiveCfg = Release|x86
		{B4609592-F3C5-49CC-A2CE-C22F8160F882}.Release|x86.Build.0 = Release|x86
	EndGlobalSection
EndGlobal
